<?xml version="1.0" encoding="utf-8"?>
<Project ToolsVersion="4.0" xmlns="http://schemas.microsoft.com/developer/msbuild/2003">
  <ItemGroup>
    <ClCompile Include="AnimationClip.cpp" />
    <ClCompile Include="Animator.cpp" />
    <ClCompile Include="Framework\DataTableMgr.cpp" />
    <ClCompile Include="Framework\DataTable.cpp" />
    <ClCompile Include="Framework\SoundMgr.cpp" />
    <ClCompile Include="Framework\StringTable.cpp" />
    <ClCompile Include="SaveData.cpp" />
    <ClCompile Include="SaveLoadMgr.cpp" />
    <ClCompile Include="Framework\Variables.cpp" />
    <ClCompile Include="Framework\DebugBox.cpp" />
    <ClCompile Include="Framework\Framework.cpp" />
    <ClCompile Include="Framework\GameObject.cpp" />
    <ClCompile Include="Framework\InputMgr.cpp" />
    <ClCompile Include="Framework\Scene.cpp" />
    <ClCompile Include="Framework\SceneDev1.cpp" />
    <ClCompile Include="Framework\SceneDev2.cpp" />
    <ClCompile Include="Framework\SceneMgr.cpp" />
    <ClCompile Include="Framework\main.cpp" />
    <ClCompile Include="Framework\SpriteGo.cpp" />
    <ClCompile Include="Framework\stdafx.cpp" />
    <ClCompile Include="Framework\TextGo.cpp" />
    <ClCompile Include="Framework\Utils.cpp" />
    <ClCompile Include="SceneGame.cpp" />
    <ClCompile Include="Snippets\SceneXXX.cpp" />
    <ClCompile Include="Snippets\XXXGo.cpp" />
    <ClCompile Include="Framework\HitBox.cpp" />
    <ClCompile Include="Monster.cpp">
      <Filter>Monsters\Monster</Filter>
    </ClCompile>
    <ClCompile Include="Character.cpp" />
    <ClCompile Include="Framework\SceneDev3.cpp" />
    <ClCompile Include="Map\MapObject.cpp" />
    <ClCompile Include="Map\MapData.cpp" />
    <ClCompile Include="Map\Room.cpp" />
    <ClCompile Include="Player.cpp" />
    <ClCompile Include="Map\TileMap.cpp" />
    <ClCompile Include="Map\Editor\SceneMapEdit.cpp" />
    <ClCompile Include="Map\Editor\UiEditor.cpp" />
    <ClCompile Include="Map\TileTable.cpp" />
    <ClCompile Include="Map\Editor\UiEditTile.cpp" />
    <ClCompile Include="Bat.cpp">
      <Filter>Monsters</Filter>
    </ClCompile>
    <ClCompile Include="SkeletonDog.cpp">
      <Filter>Monsters</Filter>
    </ClCompile>
    <ClCompile Include="Map\Editor\FileDialog.cpp" />
    <ClCompile Include="Map\Editor\UiEditHitBox.cpp" />
    <ClCompile Include="Weapon.cpp">
      <Filter>Weapons\Weapon</Filter>
    </ClCompile>
    <ClCompile Include="ShortSword.cpp">
      <Filter>Weapons</Filter>
    </ClCompile>
    <ClCompile Include="HandCrossbow.cpp">
      <Filter>Weapons</Filter>
    </ClCompile>
    <ClCompile Include="Map\RoomMgr.cpp" />
    <ClCompile Include="Arrow.cpp" />
    <ClCompile Include="PlayerUi.cpp" />
  </ItemGroup>
  <ItemGroup>
    <ClInclude Include="AnimationClip.h" />
    <ClInclude Include="Animator.h" />
    <ClInclude Include="Framework\DataTableMgr.h" />
    <ClInclude Include="Framework\DataTable.h" />
    <ClInclude Include="Framework\DebugBox.h" />
    <ClInclude Include="Framework\Defines.h" />
    <ClInclude Include="Framework\Framework.h" />
    <ClInclude Include="Framework\GameObject.h" />
    <ClInclude Include="Framework\InputMgr.h" />
    <ClInclude Include="Framework\json.hpp" />
    <ClInclude Include="Framework\ObjectPool.h" />
    <ClInclude Include="Framework\ResourceMgr.h" />
    <ClInclude Include="Framework\Scene.h" />
    <ClInclude Include="Framework\SceneDev1.h" />
    <ClInclude Include="Framework\SceneDev2.h" />
    <ClInclude Include="Framework\SceneMgr.h" />
    <ClInclude Include="Framework\Singleton.h" />
    <ClInclude Include="Framework\SpriteGo.h" />
    <ClInclude Include="Framework\stdafx.h" />
    <ClInclude Include="Framework\TextGo.h" />
    <ClInclude Include="Framework\SoundMgr.h" />
    <ClInclude Include="Framework\StringTable.h" />
    <ClInclude Include="SaveData.h" />
    <ClInclude Include="SaveLoadMgr.h" />
    <ClInclude Include="Framework\Utils.h" />
    <ClInclude Include="SceneGame.h" />
    <ClInclude Include="Snippets\SceneXXX.h" />
    <ClInclude Include="Snippets\XXXGo.h" />
    <ClInclude Include="Framework\Variables.h" />
    <ClInclude Include="Framework\HitBox.h" />
    <ClInclude Include="resource.h" />
    <ClInclude Include="Monster.h">
      <Filter>Monsters\Monster</Filter>
    </ClInclude>
    <ClInclude Include="Character.h" />
    <ClInclude Include="Framework\DefineJson.h" />
    <ClInclude Include="Framework\SceneDev3.h" />
    <ClInclude Include="Map\MapObject.h" />
    <ClInclude Include="Map\MapData.h" />
    <ClInclude Include="Player.h" />
    <ClInclude Include="Map\Room.h" />
    <ClInclude Include="Map\TileMap.h" />
    <ClInclude Include="Map\Editor\SceneMapEdit.h" />
    <ClInclude Include="Map\Editor\UiEditor.h" />
    <ClInclude Include="Map\TileTable.h" />
    <ClInclude Include="Map\Editor\UiEditTile.h" />
    <ClInclude Include="Bat.h">
      <Filter>Monsters</Filter>
    </ClInclude>
    <ClInclude Include="SkeletonDog.h">
      <Filter>Monsters</Filter>
    </ClInclude>
    <ClInclude Include="Map\Editor\FileDialog.h" />
    <ClInclude Include="Map\Editor\UiEditHitBox.h" />
    <ClInclude Include="Weapon.h">
      <Filter>Weapons\Weapon</Filter>
    </ClInclude>
    <ClInclude Include="ShortSword.h">
      <Filter>Weapons</Filter>
    </ClInclude>
    <ClInclude Include="HandCrossbow.h">
      <Filter>Weapons</Filter>
    </ClInclude>
    <ClInclude Include="Map\RoomMgr.h" />
    <ClInclude Include="Arrow.h" />
    <ClInclude Include="PlayerUi.h" />
  </ItemGroup>
  <ItemGroup>
    <Filter Include="Monsters">
      <UniqueIdentifier>{b673084f-dbde-4bc4-9200-cf14f4c4cf7c}</UniqueIdentifier>
    </Filter>
    <Filter Include="Monsters\Monster">
      <UniqueIdentifier>{42d0b12e-3c6a-4528-8f75-fae8e5927743}</UniqueIdentifier>
    </Filter>
    <Filter Include="Weapons">
      <UniqueIdentifier>{dc3cb11a-890a-4a85-a94e-a2d3d34fb138}</UniqueIdentifier>
    </Filter>
    <Filter Include="Weapons\Weapon">
      <UniqueIdentifier>{e766e0cd-4f95-4466-8f39-9c7cdb54f40b}</UniqueIdentifier>
    </Filter>
  </ItemGroup>
  <ItemGroup>
    <ResourceCompile Include="Team_Mockup_Project-Dungreed.rc" />
  </ItemGroup>
</Project>